// !$*UTF8*$!
{
	archiveVersion = 1;
	classes = {
	};
	objectVersion = 46;
	objects = {

/* Begin PBXBuildFile section */
		EB87A8D11DB8AC3800A76813 /* GameStartViewController.swift in Sources */ = {isa = PBXBuildFile; fileRef = EB87A8D01DB8AC3800A76813 /* GameStartViewController.swift */; };
		EB87A8D31DB8ACD900A76813 /* GameModel.swift in Sources */ = {isa = PBXBuildFile; fileRef = EB87A8D21DB8ACD900A76813 /* GameModel.swift */; };
		EB9CB7C01DB9B70B005C2B8C /* GameConstants.swift in Sources */ = {isa = PBXBuildFile; fileRef = EB9CB7BF1DB9B70B005C2B8C /* GameConstants.swift */; };
		EBF1BF8A1DB89BEC0083F36F /* Assets.xcassets in Resources */ = {isa = PBXBuildFile; fileRef = EBF1BF891DB89BEC0083F36F /* Assets.xcassets */; };
		EBF1BF911DB89BEC0083F36F /* MessagesExtension.appex in Embed App Extensions */ = {isa = PBXBuildFile; fileRef = EBF1BF901DB89BEC0083F36F /* MessagesExtension.appex */; settings = {ATTRIBUTES = (RemoveHeadersOnCopy, ); }; };
		EBF1BF961DB89BEC0083F36F /* Messages.framework in Frameworks */ = {isa = PBXBuildFile; fileRef = EBF1BF951DB89BEC0083F36F /* Messages.framework */; };
		EBF1BF991DB89BEC0083F36F /* MessagesViewController.swift in Sources */ = {isa = PBXBuildFile; fileRef = EBF1BF981DB89BEC0083F36F /* MessagesViewController.swift */; };
		EBF1BF9C1DB89BEC0083F36F /* MainInterface.storyboard in Resources */ = {isa = PBXBuildFile; fileRef = EBF1BF9A1DB89BEC0083F36F /* MainInterface.storyboard */; };
		EBF1BF9E1DB89BED0083F36F /* Assets.xcassets in Resources */ = {isa = PBXBuildFile; fileRef = EBF1BF9D1DB89BED0083F36F /* Assets.xcassets */; };
		EBF1BFAA1DB8A88A0083F36F /* ShipLocationViewController.swift in Sources */ = {isa = PBXBuildFile; fileRef = EBF1BFA91DB8A88A0083F36F /* ShipLocationViewController.swift */; };
		EBF1BFAC1DB8AAFA0083F36F /* ShipDestroyViewController.swift in Sources */ = {isa = PBXBuildFile; fileRef = EBF1BFAB1DB8AAFA0083F36F /* ShipDestroyViewController.swift */; };
		EBFD36621DB8B9A600035FB3 /* GameBoardView.swift in Sources */ = {isa = PBXBuildFile; fileRef = EBFD36611DB8B9A600035FB3 /* GameBoardView.swift */; };
		EBFD36641DB99D0800035FB3 /* UIImage+Snapshot.swift in Sources */ = {isa = PBXBuildFile; fileRef = EBFD36631DB99D0800035FB3 /* UIImage+Snapshot.swift */; };
/* End PBXBuildFile section */

/* Begin PBXContainerItemProxy section */
		EBF1BF921DB89BEC0083F36F /* PBXContainerItemProxy */ = {
			isa = PBXContainerItemProxy;
			containerPortal = EBF1BF801DB89BEC0083F36F /* Project object */;
			proxyType = 1;
			remoteGlobalIDString = EBF1BF8F1DB89BEC0083F36F;
			remoteInfo = MessagesExtension;
		};
/* End PBXContainerItemProxy section */

/* Begin PBXCopyFilesBuildPhase section */
		EBF1BFA51DB89BED0083F36F /* Embed App Extensions */ = {
			isa = PBXCopyFilesBuildPhase;
			buildActionMask = 2147483647;
			dstPath = "";
			dstSubfolderSpec = 13;
			files = (
				EBF1BF911DB89BEC0083F36F /* MessagesExtension.appex in Embed App Extensions */,
			);
			name = "Embed App Extensions";
			runOnlyForDeploymentPostprocessing = 0;
		};
/* End PBXCopyFilesBuildPhase section */

/* Begin PBXFileReference section */
		EB87A8D01DB8AC3800A76813 /* GameStartViewController.swift */ = {isa = PBXFileReference; fileEncoding = 4; lastKnownFileType = sourcecode.swift; path = GameStartViewController.swift; sourceTree = "<group>"; };
		EB87A8D21DB8ACD900A76813 /* GameModel.swift */ = {isa = PBXFileReference; fileEncoding = 4; lastKnownFileType = sourcecode.swift; path = GameModel.swift; sourceTree = "<group>"; };
		EB9CB7BF1DB9B70B005C2B8C /* GameConstants.swift */ = {isa = PBXFileReference; fileEncoding = 4; lastKnownFileType = sourcecode.swift; path = GameConstants.swift; sourceTree = "<group>"; };
		EBF1BF861DB89BEC0083F36F /* game.app */ = {isa = PBXFileReference; explicitFileType = wrapper.application; includeInIndex = 0; path = game.app; sourceTree = BUILT_PRODUCTS_DIR; };
		EBF1BF891DB89BEC0083F36F /* Assets.xcassets */ = {isa = PBXFileReference; lastKnownFileType = folder.assetcatalog; path = Assets.xcassets; sourceTree = "<group>"; };
		EBF1BF8B1DB89BEC0083F36F /* Info.plist */ = {isa = PBXFileReference; lastKnownFileType = text.plist.xml; path = Info.plist; sourceTree = "<group>"; };
		EBF1BF901DB89BEC0083F36F /* MessagesExtension.appex */ = {isa = PBXFileReference; explicitFileType = "wrapper.app-extension"; includeInIndex = 0; path = MessagesExtension.appex; sourceTree = BUILT_PRODUCTS_DIR; };
		EBF1BF951DB89BEC0083F36F /* Messages.framework */ = {isa = PBXFileReference; lastKnownFileType = wrapper.framework; name = Messages.framework; path = System/Library/Frameworks/Messages.framework; sourceTree = SDKROOT; };
		EBF1BF981DB89BEC0083F36F /* MessagesViewController.swift */ = {isa = PBXFileReference; lastKnownFileType = sourcecode.swift; path = MessagesViewController.swift; sourceTree = "<group>"; };
		EBF1BF9B1DB89BEC0083F36F /* Base */ = {isa = PBXFileReference; lastKnownFileType = file.storyboard; name = Base; path = Base.lproj/MainInterface.storyboard; sourceTree = "<group>"; };
		EBF1BF9D1DB89BED0083F36F /* Assets.xcassets */ = {isa = PBXFileReference; lastKnownFileType = folder.assetcatalog; path = Assets.xcassets; sourceTree = "<group>"; };
		EBF1BF9F1DB89BED0083F36F /* Info.plist */ = {isa = PBXFileReference; lastKnownFileType = text.plist.xml; path = Info.plist; sourceTree = "<group>"; };
		EBF1BFA91DB8A88A0083F36F /* ShipLocationViewController.swift */ = {isa = PBXFileReference; fileEncoding = 4; lastKnownFileType = sourcecode.swift; path = ShipLocationViewController.swift; sourceTree = "<group>"; };
		EBF1BFAB1DB8AAFA0083F36F /* ShipDestroyViewController.swift */ = {isa = PBXFileReference; fileEncoding = 4; lastKnownFileType = sourcecode.swift; path = ShipDestroyViewController.swift; sourceTree = "<group>"; };
		EBFD36611DB8B9A600035FB3 /* GameBoardView.swift */ = {isa = PBXFileReference; fileEncoding = 4; lastKnownFileType = sourcecode.swift; path = GameBoardView.swift; sourceTree = "<group>"; };
		EBFD36631DB99D0800035FB3 /* UIImage+Snapshot.swift */ = {isa = PBXFileReference; fileEncoding = 4; lastKnownFileType = sourcecode.swift; path = "UIImage+Snapshot.swift"; sourceTree = "<group>"; };
/* End PBXFileReference section */

/* Begin PBXFrameworksBuildPhase section */
		EBF1BF8D1DB89BEC0083F36F /* Frameworks */ = {
			isa = PBXFrameworksBuildPhase;
			buildActionMask = 2147483647;
			files = (
				EBF1BF961DB89BEC0083F36F /* Messages.framework in Frameworks */,
			);
			runOnlyForDeploymentPostprocessing = 0;
		};
/* End PBXFrameworksBuildPhase section */

/* Begin PBXGroup section */
		EBF1BF7F1DB89BEC0083F36F = {
			isa = PBXGroup;
			children = (
				EBF1BF881DB89BEC0083F36F /* game */,
				EBF1BF971DB89BEC0083F36F /* MessagesExtension */,
				EBF1BF941DB89BEC0083F36F /* Frameworks */,
				EBF1BF871DB89BEC0083F36F /* Products */,
			);
			sourceTree = "<group>";
		};
		EBF1BF871DB89BEC0083F36F /* Products */ = {
			isa = PBXGroup;
			children = (
				EBF1BF861DB89BEC0083F36F /* game.app */,
				EBF1BF901DB89BEC0083F36F /* MessagesExtension.appex */,
			);
			name = Products;
			sourceTree = "<group>";
		};
		EBF1BF881DB89BEC0083F36F /* game */ = {
			isa = PBXGroup;
			children = (
				EBF1BF891DB89BEC0083F36F /* Assets.xcassets */,
				EBF1BF8B1DB89BEC0083F36F /* Info.plist */,
			);
			path = game;
			sourceTree = "<group>";
		};
		EBF1BF941DB89BEC0083F36F /* Frameworks */ = {
			isa = PBXGroup;
			children = (
				EBF1BF951DB89BEC0083F36F /* Messages.framework */,
			);
			name = Frameworks;
			sourceTree = "<group>";
		};
		EBF1BF971DB89BEC0083F36F /* MessagesExtension */ = {
			isa = PBXGroup;
			children = (
				EBF1BF981DB89BEC0083F36F /* MessagesViewController.swift */,
				EBF1BF9A1DB89BEC0083F36F /* MainInterface.storyboard */,
				EBF1BF9D1DB89BED0083F36F /* Assets.xcassets */,
				EBF1BF9F1DB89BED0083F36F /* Info.plist */,
				EBF1BFA91DB8A88A0083F36F /* ShipLocationViewController.swift */,
				EBF1BFAB1DB8AAFA0083F36F /* ShipDestroyViewController.swift */,
				EB87A8D01DB8AC3800A76813 /* GameStartViewController.swift */,
				EB87A8D21DB8ACD900A76813 /* GameModel.swift */,
				EBFD36611DB8B9A600035FB3 /* GameBoardView.swift */,
				EBFD36631DB99D0800035FB3 /* UIImage+Snapshot.swift */,
				EB9CB7BF1DB9B70B005C2B8C /* GameConstants.swift */,
			);
			path = MessagesExtension;
			sourceTree = "<group>";
		};
/* End PBXGroup section */

/* Begin PBXNativeTarget section */
		EBF1BF851DB89BEC0083F36F /* game */ = {
			isa = PBXNativeTarget;
			buildConfigurationList = EBF1BFA61DB89BED0083F36F /* Build configuration list for PBXNativeTarget "game" */;
			buildPhases = (
				EBF1BF841DB89BEC0083F36F /* Resources */,
				EBF1BFA51DB89BED0083F36F /* Embed App Extensions */,
			);
			buildRules = (
			);
			dependencies = (
				EBF1BF931DB89BEC0083F36F /* PBXTargetDependency */,
			);
			name = game;
			productName = game;
			productReference = EBF1BF861DB89BEC0083F36F /* game.app */;
			productType = "com.apple.product-type.application.messages";
		};
		EBF1BF8F1DB89BEC0083F36F /* MessagesExtension */ = {
			isa = PBXNativeTarget;
			buildConfigurationList = EBF1BFA21DB89BED0083F36F /* Build configuration list for PBXNativeTarget "MessagesExtension" */;
			buildPhases = (
				EBF1BF8C1DB89BEC0083F36F /* Sources */,
				EBF1BF8D1DB89BEC0083F36F /* Frameworks */,
				EBF1BF8E1DB89BEC0083F36F /* Resources */,
			);
			buildRules = (
			);
			dependencies = (
			);
			name = MessagesExtension;
			productName = MessagesExtension;
			productReference = EBF1BF901DB89BEC0083F36F /* MessagesExtension.appex */;
			productType = "com.apple.product-type.app-extension.messages";
		};
/* End PBXNativeTarget section */

/* Begin PBXProject section */
		EBF1BF801DB89BEC0083F36F /* Project object */ = {
			isa = PBXProject;
			attributes = {
				LastSwiftUpdateCheck = 0800;
				LastUpgradeCheck = 0800;
				ORGANIZATIONNAME = joker;
				TargetAttributes = {
					EBF1BF851DB89BEC0083F36F = {
						CreatedOnToolsVersion = 8.0;
						DevelopmentTeam = ZWZANXUM79;
						ProvisioningStyle = Automatic;
					};
					EBF1BF8F1DB89BEC0083F36F = {
						CreatedOnToolsVersion = 8.0;
						DevelopmentTeam = ZWZANXUM79;
						ProvisioningStyle = Automatic;
					};
				};
			};
			buildConfigurationList = EBF1BF831DB89BEC0083F36F /* Build configuration list for PBXProject "game" */;
			compatibilityVersion = "Xcode 3.2";
			developmentRegion = English;
			hasScannedForEncodings = 0;
			knownRegions = (
				en,
				Base,
			);
			mainGroup = EBF1BF7F1DB89BEC0083F36F;
			productRefGroup = EBF1BF871DB89BEC0083F36F /* Products */;
			projectDirPath = "";
			projectRoot = "";
			targets = (
				EBF1BF851DB89BEC0083F36F /* game */,
				EBF1BF8F1DB89BEC0083F36F /* MessagesExtension */,
			);
		};
/* End PBXProject section */

/* Begin PBXResourcesBuildPhase section */
		EBF1BF841DB89BEC0083F36F /* Resources */ = {
			isa = PBXResourcesBuildPhase;
			buildActionMask = 2147483647;
			files = (
				EBF1BF8A1DB89BEC0083F36F /* Assets.xcassets in Resources */,
			);
			runOnlyForDeploymentPostprocessing = 0;
		};
		EBF1BF8E1DB89BEC0083F36F /* Resources */ = {
			isa = PBXResourcesBuildPhase;
			buildActionMask = 2147483647;
			files = (
				EBF1BF9E1DB89BED0083F36F /* Assets.xcassets in Resources */,
				EBF1BF9C1DB89BEC0083F36F /* MainInterface.storyboard in Resources */,
			);
			runOnlyForDeploymentPostprocessing = 0;
		};
/* End PBXResourcesBuildPhase section */

/* Begin PBXSourcesBuildPhase section */
		EBF1BF8C1DB89BEC0083F36F /* Sources */ = {
			isa = PBXSourcesBuildPhase;
			buildActionMask = 2147483647;
			files = (
				EB87A8D31DB8ACD900A76813 /* GameModel.swift in Sources */,
				EBF1BFAA1DB8A88A0083F36F /* ShipLocationViewController.swift in Sources */,
				EBFD36641DB99D0800035FB3 /* UIImage+Snapshot.swift in Sources */,
				EBF1BF991DB89BEC0083F36F /* MessagesViewController.swift in Sources */,
				EBF1BFAC1DB8AAFA0083F36F /* ShipDestroyViewController.swift in Sources */,
				EB9CB7C01DB9B70B005C2B8C /* GameConstants.swift in Sources */,
				EB87A8D11DB8AC3800A76813 /* GameStartViewController.swift in Sources */,
				EBFD36621DB8B9A600035FB3 /* GameBoardView.swift in Sources */,
			);
			runOnlyForDeploymentPostprocessing = 0;
		};
/* End PBXSourcesBuildPhase section */

/* Begin PBXTargetDependency section */
		EBF1BF931DB89BEC0083F36F /* PBXTargetDependency */ = {
			isa = PBXTargetDependency;
			target = EBF1BF8F1DB89BEC0083F36F /* MessagesExtension */;
			targetProxy = EBF1BF921DB89BEC0083F36F /* PBXContainerItemProxy */;
		};
/* End PBXTargetDependency section */

/* Begin PBXVariantGroup section */
		EBF1BF9A1DB89BEC0083F36F /* MainInterface.storyboard */ = {
			isa = PBXVariantGroup;
			children = (
				EBF1BF9B1DB89BEC0083F36F /* Base */,
			);
			name = MainInterface.storyboard;
			sourceTree = "<group>";
		};
/* End PBXVariantGroup section */

/* Begin XCBuildConfiguration section */
		EBF1BFA01DB89BED0083F36F /* Debug */ = {
			isa = XCBuildConfiguration;
			buildSettings = {
				ALWAYS_SEARCH_USER_PATHS = NO;
				CLANG_ANALYZER_NONNULL = YES;
				CLANG_CXX_LANGUAGE_STANDARD = "gnu++0x";
				CLANG_CXX_LIBRARY = "libc++";
				CLANG_ENABLE_MODULES = YES;
				CLANG_ENABLE_OBJC_ARC = YES;
				CLANG_WARN_BOOL_CONVERSION = YES;
				CLANG_WARN_CONSTANT_CONVERSION = YES;
				CLANG_WARN_DIRECT_OBJC_ISA_USAGE = YES_ERROR;
				CLANG_WARN_DOCUMENTATION_COMMENTS = YES;
				CLANG_WARN_EMPTY_BODY = YES;
				CLANG_WARN_ENUM_CONVERSION = YES;
				CLANG_WARN_INFINITE_RECURSION = YES;
				CLANG_WARN_INT_CONVERSION = YES;
				CLANG_WARN_OBJC_ROOT_CLASS = YES_ERROR;
				CLANG_WARN_SUSPICIOUS_MOVES = YES;
				CLANG_WARN_UNREACHABLE_CODE = YES;
				CLANG_WARN__DUPLICATE_METHOD_MATCH = YES;
				"CODE_SIGN_IDENTITY[sdk=iphoneos*]" = "iPhone Developer";
				COPY_PHASE_STRIP = NO;
				DEBUG_INFORMATION_FORMAT = dwarf;
				ENABLE_STRICT_OBJC_MSGSEND = YES;
				ENABLE_TESTABILITY = YES;
				GCC_C_LANGUAGE_STANDARD = gnu99;
				GCC_DYNAMIC_NO_PIC = NO;
				GCC_NO_COMMON_BLOCKS = YES;
				GCC_OPTIMIZATION_LEVEL = 0;
				GCC_PREPROCESSOR_DEFINITIONS = (
					"DEBUG=1",
					"$(inherited)",
				);
				GCC_WARN_64_TO_32_BIT_CONVERSION = YES;
				GCC_WARN_ABOUT_RETURN_TYPE = YES_ERROR;
				GCC_WARN_UNDECLARED_SELECTOR = YES;
				GCC_WARN_UNINITIALIZED_AUTOS = YES_AGGRESSIVE;
				GCC_WARN_UNUSED_FUNCTION = YES;
				GCC_WARN_UNUSED_VARIABLE = YES;
				IPHONEOS_DEPLOYMENT_TARGET = 10.0;
				MTL_ENABLE_DEBUG_INFO = YES;
				ONLY_ACTIVE_ARCH = YES;
				SDKROOT = iphoneos;
				SWIFT_ACTIVE_COMPILATION_CONDITIONS = DEBUG;
				SWIFT_OPTIMIZATION_LEVEL = "-Onone";
			};
			name = Debug;
		};
		EBF1BFA11DB89BED0083F36F /* Release */ = {
			isa = XCBuildConfiguration;
			buildSettings = {
				ALWAYS_SEARCH_USER_PATHS = NO;
				CLANG_ANALYZER_NONNULL = YES;
				CLANG_CXX_LANGUAGE_STANDARD = "gnu++0x";
				CLANG_CXX_LIBRARY = "libc++";
				CLANG_ENABLE_MODULES = YES;
				CLANG_ENABLE_OBJC_ARC = YES;
				CLANG_WARN_BOOL_CONVERSION = YES;
				CLANG_WARN_CONSTANT_CONVERSION = YES;
				CLANG_WARN_DIRECT_OBJC_ISA_USAGE = YES_ERROR;
				CLANG_WARN_DOCUMENTATION_COMMENTS = YES;
				CLANG_WARN_EMPTY_BODY = YES;
				CLANG_WARN_ENUM_CONVERSION = YES;
				CLANG_WARN_INFINITE_RECURSION = YES;
				CLANG_WARN_INT_CONVERSION = YES;
				CLANG_WARN_OBJC_ROOT_CLASS = YES_ERROR;
				CLANG_WARN_SUSPICIOUS_MOVES = YES;
				CLANG_WARN_UNREACHABLE_CODE = YES;
				CLANG_WARN__DUPLICATE_METHOD_MATCH = YES;
				"CODE_SIGN_IDENTITY[sdk=iphoneos*]" = "iPhone Developer";
				COPY_PHASE_STRIP = NO;
				DEBUG_INFORMATION_FORMAT = "dwarf-with-dsym";
				ENABLE_NS_ASSERTIONS = NO;
				ENABLE_STRICT_OBJC_MSGSEND = YES;
				GCC_C_LANGUAGE_STANDARD = gnu99;
				GCC_NO_COMMON_BLOCKS = YES;
				GCC_WARN_64_TO_32_BIT_CONVERSION = YES;
				GCC_WARN_ABOUT_RETURN_TYPE = YES_ERROR;
				GCC_WARN_UNDECLARED_SELECTOR = YES;
				GCC_WARN_UNINITIALIZED_AUTOS = YES_AGGRESSIVE;
				GCC_WARN_UNUSED_FUNCTION = YES;
				GCC_WARN_UNUSED_VARIABLE = YES;
				IPHONEOS_DEPLOYMENT_TARGET = 10.0;
				MTL_ENABLE_DEBUG_INFO = NO;
				SDKROOT = iphoneos;
				SWIFT_OPTIMIZATION_LEVEL = "-Owholemodule";
				VALIDATE_PRODUCT = YES;
			};
			name = Release;
		};
		EBF1BFA31DB89BED0083F36F /* Debug */ = {
			isa = XCBuildConfiguration;
			buildSettings = {
				ASSETCATALOG_COMPILER_APPICON_NAME = "iMessage App Icon";
				DEVELOPMENT_TEAM = ZWZANXUM79;
				INFOPLIST_FILE = MessagesExtension/Info.plist;
				LD_RUNPATH_SEARCH_PATHS = "$(inherited) @executable_path/Frameworks @executable_path/../../Frameworks";
				PRODUCT_BUNDLE_IDENTIFIER = "com.iOS-swift.20160422.learn.game.MessagesExtension";
				PRODUCT_NAME = "$(TARGET_NAME)";
				SKIP_INSTALL = YES;
				SWIFT_VERSION = 3.0;
			};
			name = Debug;
		};
		EBF1BFA41DB89BED0083F36F /* Release */ = {
			isa = XCBuildConfiguration;
			buildSettings = {
				ASSETCATALOG_COMPILER_APPICON_NAME = "iMessage App Icon";
				DEVELOPMENT_TEAM = ZWZANXUM79;
				INFOPLIST_FILE = MessagesExtension/Info.plist;
				LD_RUNPATH_SEARCH_PATHS = "$(inherited) @executable_path/Frameworks @executable_path/../../Frameworks";
				PRODUCT_BUNDLE_IDENTIFIER = "com.iOS-swift.20160422.learn.game.MessagesExtension";
				PRODUCT_NAME = "$(TARGET_NAME)";
				SKIP_INSTALL = YES;
				SWIFT_VERSION = 3.0;
			};
			name = Release;
		};
		EBF1BFA71DB89BED0083F36F /* Debug */ = {
			isa = XCBuildConfiguration;
			buildSettings = {
				ALWAYS_EMBED_SWIFT_STANDARD_LIBRARIES = YES;
				ASSETCATALOG_COMPILER_APPICON_NAME = AppIcon;
				DEVELOPMENT_TEAM = ZWZANXUM79;
				INFOPLIST_FILE = game/Info.plist;
				PRODUCT_BUNDLE_IDENTIFIER = "com.iOS-swift.20160422.learn.game";
				PRODUCT_NAME = "$(TARGET_NAME)";
				SWIFT_VERSION = 3.0;
				TARGETED_DEVICE_FAMILY = "1,2";
			};
			name = Debug;
		};
		EBF1BFA81DB89BED0083F36F /* Release */ = {
			isa = XCBuildConfiguration;
			buildSettings = {
				ALWAYS_EMBED_SWIFT_STANDARD_LIBRARIES = YES;
				ASSETCATALOG_COMPILER_APPICON_NAME = AppIcon;
				DEVELOPMENT_TEAM = ZWZANXUM79;
				INFOPLIST_FILE = game/Info.plist;
				PRODUCT_BUNDLE_IDENTIFIER = "com.iOS-swift.20160422.learn.game";
				PRODUCT_NAME = "$(TARGET_NAME)";
				SWIFT_VERSION = 3.0;
				TARGETED_DEVICE_FAMILY = "1,2";
			};
			name = Release;
		};
/* End XCBuildConfiguration section */

/* Begin XCConfigurationList section */
		EBF1BF831DB89BEC0083F36F /* Build configuration list for PBXProject "game" */ = {
			isa = XCConfigurationList;
			buildConfigurations = (
				EBF1BFA01DB89BED0083F36F /* Debug */,
				EBF1BFA11DB89BED0083F36F /* Release */,
			);
			defaultConfigurationIsVisible = 0;
			defaultConfigurationName = Release;
		};
		EBF1BFA21DB89BED0083F36F /* Build configuration list for PBXNativeTarget "MessagesExtension" */ = {
			isa = XCConfigurationList;
			buildConfigurations = (
				EBF1BFA31DB89BED0083F36F /* Debug */,
				EBF1BFA41DB89BED0083F36F /* Release */,
			);
			defaultConfigurationIsVisible = 0;
			defaultConfigurationName = Release;
		};
		EBF1BFA61DB89BED0083F36F /* Build configuration list for PBXNativeTarget "game" */ = {
			isa = XCConfigurationList;
			buildConfigurations = (
				EBF1BFA71DB89BED0083F36F /* Debug */,
				EBF1BFA81DB89BED0083F36F /* Release */,
			);
			defaultConfigurationIsVisible = 0;
			defaultConfigurationName = Release;
		};
/* End XCConfigurationList section */
	};
	rootObject = EBF1BF801DB89BEC0083F36F /* Project object */;
}
